
Microsoft Visual Studio Solution File, Format Version 12.00
# Visual Studio Version 17
VisualStudioVersion = 17.5.33516.290
MinimumVisualStudioVersion = 10.0.40219.1
Project("{FAE04EC0-301F-11D3-BF4B-00C04F79EFBC}") = "Katas", "Katas\Katas.csproj", "{209FD453-8747-4466-AA8E-45CB3503039E}"
EndProject
Project("{9A19103F-16F7-4668-BE54-9A1E7A4F7556}") = "KatasTests", "KatasTests\KatasTests.csproj", "{294A067A-A26F-4E2D-A906-F2D47268CB65}"
EndProject
Global
	GlobalSection(SolutionConfigurationPlatforms) = preSolution
		Debug|Any CPU = Debug|Any CPU
		Release|Any CPU = Release|Any CPU
	EndGlobalSection
	GlobalSection(ProjectConfigurationPlatforms) = postSolution
		{209FD453-8747-4466-AA8E-45CB3503039E}.Debug|Any CPU.ActiveCfg = Debug|Any CPU
		{209FD453-8747-4466-AA8E-45CB3503039E}.Debug|Any CPU.Build.0 = Debug|Any CPU
		{209FD453-8747-4466-AA8E-45CB3503039E}.Release|Any CPU.ActiveCfg = Release|Any CPU
		{209FD453-8747-4466-AA8E-45CB3503039E}.Release|Any CPU.Build.0 = Release|Any CPU
		{294A067A-A26F-4E2D-A906-F2D47268CB65}.Debug|Any CPU.ActiveCfg = Debug|Any CPU
		{294A067A-A26F-4E2D-A906-F2D47268CB65}.Debug|Any CPU.Build.0 = Debug|Any CPU
		{294A067A-A26F-4E2D-A906-F2D47268CB65}.Release|Any CPU.ActiveCfg = Release|Any CPU
		{294A067A-A26F-4E2D-A906-F2D47268CB65}.Release|Any CPU.Build.0 = Release|Any CPU
	EndGlobalSection
	GlobalSection(SolutionProperties) = preSolution
		HideSolutionNode = FALSE
	EndGlobalSection
	GlobalSection(ExtensibilityGlobals) = postSolution
		SolutionGuid = {3F370310-66E1-44A0-AFE0-52A7685A7417}
	EndGlobalSection
EndGlobal
